<?xml version="1.0" encoding="utf-8"?>
<Project ToolsVersion="4.0" xmlns="http://schemas.microsoft.com/developer/msbuild/2003">
  <ItemGroup>
    <Filter Include="Source Files">
      <UniqueIdentifier>{2a61dcb9-e972-40cf-affb-0f8b4b4ac64e}</UniqueIdentifier>
    </Filter>
    <Filter Include="Header Files">
      <UniqueIdentifier>{a8f12b03-4fbb-4709-9b3f-c4bdc8721b6f}</UniqueIdentifier>
    </Filter>
  </ItemGroup>
  <ItemGroup>
    <ClInclude Include="cu-smallpt\src\geometry.cuh">
      <Filter>Header Files</Filter>
    </ClInclude>
    <ClInclude Include="cu-smallpt\src\imageio.hpp">
      <Filter>Header Files</Filter>
    </ClInclude>
    <ClInclude Include="cu-smallpt\src\math_tools.h">
      <Filter>Header Files</Filter>
    </ClInclude>
    <ClInclude Include="cu-smallpt\src\sampling.cuh">
      <Filter>Header Files</Filter>
    </ClInclude>
    <ClInclude Include="cu-smallpt\src\specular.cuh">
      <Filter>Header Files</Filter>
    </ClInclude>
    <ClInclude Include="cu-smallpt\src\sphere.h">
      <Filter>Header Files</Filter>
    </ClInclude>
    <ClInclude Include="cu-smallpt\src\vector.h">
      <Filter>Header Files</Filter>
    </ClInclude>
    <ClInclude Include="cu-smallpt\src\cuda_tools.h">
      <Filter>Header Files</Filter>
    </ClInclude>
    <ClInclude Include="cu-smallpt\src\cu-smallpt.h">
      <Filter>Header Files</Filter>
    </ClInclude>
  </ItemGroup>
  <ItemGroup>
    <CudaCompile Include="cu-smallpt\src\kernel.cu">
      <Filter>Source Files</Filter>
    </CudaCompile>
  </ItemGroup>
</Project>